
Microsoft Visual Studio Solution File, Format Version 12.00
# Visual Studio Version 16
VisualStudioVersion = 16.0.30413.136
MinimumVisualStudioVersion = 10.0.40219.1
Project("{FAE04EC0-301F-11D3-BF4B-00C04F79EFBC}") = "ConsoleUI", "ConsoleUI\ConsoleUI.csproj", "{700221D9-5B0A-4264-9899-5B4823679063}"
EndProject
Project("{FAE04EC0-301F-11D3-BF4B-00C04F79EFBC}") = "WordChainLib", "WordChainLib\WordChainLib.csproj", "{568CF73E-3109-49D7-881F-0820FFE9A707}"
EndProject
Global
	GlobalSection(SolutionConfigurationPlatforms) = preSolution
		Debug|Any CPU = Debug|Any CPU
		Release|Any CPU = Release|Any CPU
	EndGlobalSection
	GlobalSection(ProjectConfigurationPlatforms) = postSolution
		{700221D9-5B0A-4264-9899-5B4823679063}.Debug|Any CPU.ActiveCfg = Debug|Any CPU
		{700221D9-5B0A-4264-9899-5B4823679063}.Debug|Any CPU.Build.0 = Debug|Any CPU
		{700221D9-5B0A-4264-9899-5B4823679063}.Release|Any CPU.ActiveCfg = Release|Any CPU
		{700221D9-5B0A-4264-9899-5B4823679063}.Release|Any CPU.Build.0 = Release|Any CPU
		{568CF73E-3109-49D7-881F-0820FFE9A707}.Debug|Any CPU.ActiveCfg = Debug|Any CPU
		{568CF73E-3109-49D7-881F-0820FFE9A707}.Debug|Any CPU.Build.0 = Debug|Any CPU
		{568CF73E-3109-49D7-881F-0820FFE9A707}.Release|Any CPU.ActiveCfg = Release|Any CPU
		{568CF73E-3109-49D7-881F-0820FFE9A707}.Release|Any CPU.Build.0 = Release|Any CPU
	EndGlobalSection
	GlobalSection(SolutionProperties) = preSolution
		HideSolutionNode = FALSE
	EndGlobalSection
	GlobalSection(ExtensibilityGlobals) = postSolution
		SolutionGuid = {B2740367-B9E5-426D-8A0E-EBBBB0987C8C}
	EndGlobalSection
EndGlobal
